
Microsoft Visual Studio Solution File, Format Version 12.00
# Visual Studio 14
VisualStudioVersion = 14.0.22823.1
MinimumVisualStudioVersion = 10.0.40219.1
Project("{8BB2217D-0F2D-49D1-97BC-3654ED321F3B}") = "PubSubServer", "PubSubServer\PubSubServer.xproj", "{3ACAE8B3-AF1A-4AE9-8A21-E2BB545ECF97}"
EndProject
Project("{8BB2217D-0F2D-49D1-97BC-3654ED321F3B}") = "PubSubClient", "PubSubClient\PubSubClient.xproj", "{11D71987-F315-443F-8CCB-DF4AEF71017C}"
EndProject
Project("{8BB2217D-0F2D-49D1-97BC-3654ED321F3B}") = "SessionLib", "..\Libs\SessionLib\SessionLib.xproj", "{09DB6118-698A-4039-B99D-22ACBEE0E75B}"
EndProject
Project("{8BB2217D-0F2D-49D1-97BC-3654ED321F3B}") = "MessageLib", "..\Libs\MessageLib\MessageLib.xproj", "{BE8E8E09-11E0-4D40-89FE-88CE99AC776E}"
EndProject
Project("{8BB2217D-0F2D-49D1-97BC-3654ED321F3B}") = "PubSubLib", "..\Libs\PubSubLib\PubSubLib.xproj", "{36824F8D-F9FB-44D5-ABC9-168E26075960}"
EndProject
Project("{2150E333-8FDC-42A3-9474-1A3956D46DE8}") = "Solution Items", "Solution Items", "{CF4037F6-AD3B-44AC-86B4-31B3F137927D}"
	ProjectSection(SolutionItems) = preProject
		global.json = global.json
	EndProjectSection
EndProject
Project("{8BB2217D-0F2D-49D1-97BC-3654ED321F3B}") = "SubFoo1", "SubFoo1\SubFoo1.xproj", "{AC2A8D11-7010-426A-95C1-C446F4032691}"
EndProject
Project("{2150E333-8FDC-42A3-9474-1A3956D46DE8}") = "PubSubTest", "PubSubTest", "{31D36364-9F52-4B85-A0E3-81A364CA652E}"
EndProject
Project("{2150E333-8FDC-42A3-9474-1A3956D46DE8}") = "Libs", "Libs", "{ADC349B9-3658-43CE-9820-46C2E9937E32}"
EndProject
Project("{2150E333-8FDC-42A3-9474-1A3956D46DE8}") = "Server", "Server", "{2AABDC0F-3214-4C90-8F0A-1AEA2469E395}"
EndProject
Project("{2150E333-8FDC-42A3-9474-1A3956D46DE8}") = "Client", "Client", "{0C3A41CD-1867-4300-82AC-4691571517CE}"
EndProject
Project("{2150E333-8FDC-42A3-9474-1A3956D46DE8}") = "ConsoleTest", "ConsoleTest", "{560D13CB-9462-4899-B1B9-E45444468742}"
EndProject
Project("{8BB2217D-0F2D-49D1-97BC-3654ED321F3B}") = "SubBar1", "SubBar1\SubBar1.xproj", "{12CFAD0E-D15D-4E0A-BBEA-A346F50C422D}"
EndProject
Project("{8BB2217D-0F2D-49D1-97BC-3654ED321F3B}") = "SubFooBar", "SubFooBar\SubFooBar.xproj", "{C06D8F02-430C-4CAA-98BF-77B303AC520C}"
EndProject
Project("{8BB2217D-0F2D-49D1-97BC-3654ED321F3B}") = "PubWeb", "PubWeb\PubWeb.xproj", "{70FC543D-468B-4ED5-B6FD-915B91A3E861}"
EndProject
Project("{8BB2217D-0F2D-49D1-97BC-3654ED321F3B}") = "PubFooBar", "PubFooBar\PubFooBar.xproj", "{D113E58B-8F61-4956-8795-B79508D1B477}"
EndProject
Global
	GlobalSection(SolutionConfigurationPlatforms) = preSolution
		Debug|Any CPU = Debug|Any CPU
		Release|Any CPU = Release|Any CPU
	EndGlobalSection
	GlobalSection(ProjectConfigurationPlatforms) = postSolution
		{3ACAE8B3-AF1A-4AE9-8A21-E2BB545ECF97}.Debug|Any CPU.ActiveCfg = Debug|Any CPU
		{3ACAE8B3-AF1A-4AE9-8A21-E2BB545ECF97}.Debug|Any CPU.Build.0 = Debug|Any CPU
		{3ACAE8B3-AF1A-4AE9-8A21-E2BB545ECF97}.Release|Any CPU.ActiveCfg = Release|Any CPU
		{3ACAE8B3-AF1A-4AE9-8A21-E2BB545ECF97}.Release|Any CPU.Build.0 = Release|Any CPU
		{11D71987-F315-443F-8CCB-DF4AEF71017C}.Debug|Any CPU.ActiveCfg = Debug|Any CPU
		{11D71987-F315-443F-8CCB-DF4AEF71017C}.Debug|Any CPU.Build.0 = Debug|Any CPU
		{11D71987-F315-443F-8CCB-DF4AEF71017C}.Release|Any CPU.ActiveCfg = Release|Any CPU
		{11D71987-F315-443F-8CCB-DF4AEF71017C}.Release|Any CPU.Build.0 = Release|Any CPU
		{09DB6118-698A-4039-B99D-22ACBEE0E75B}.Debug|Any CPU.ActiveCfg = Debug|Any CPU
		{09DB6118-698A-4039-B99D-22ACBEE0E75B}.Debug|Any CPU.Build.0 = Debug|Any CPU
		{09DB6118-698A-4039-B99D-22ACBEE0E75B}.Release|Any CPU.ActiveCfg = Release|Any CPU
		{09DB6118-698A-4039-B99D-22ACBEE0E75B}.Release|Any CPU.Build.0 = Release|Any CPU
		{BE8E8E09-11E0-4D40-89FE-88CE99AC776E}.Debug|Any CPU.ActiveCfg = Debug|Any CPU
		{BE8E8E09-11E0-4D40-89FE-88CE99AC776E}.Debug|Any CPU.Build.0 = Debug|Any CPU
		{BE8E8E09-11E0-4D40-89FE-88CE99AC776E}.Release|Any CPU.ActiveCfg = Release|Any CPU
		{BE8E8E09-11E0-4D40-89FE-88CE99AC776E}.Release|Any CPU.Build.0 = Release|Any CPU
		{36824F8D-F9FB-44D5-ABC9-168E26075960}.Debug|Any CPU.ActiveCfg = Debug|Any CPU
		{36824F8D-F9FB-44D5-ABC9-168E26075960}.Debug|Any CPU.Build.0 = Debug|Any CPU
		{36824F8D-F9FB-44D5-ABC9-168E26075960}.Release|Any CPU.ActiveCfg = Release|Any CPU
		{36824F8D-F9FB-44D5-ABC9-168E26075960}.Release|Any CPU.Build.0 = Release|Any CPU
		{AC2A8D11-7010-426A-95C1-C446F4032691}.Debug|Any CPU.ActiveCfg = Debug|Any CPU
		{AC2A8D11-7010-426A-95C1-C446F4032691}.Debug|Any CPU.Build.0 = Debug|Any CPU
		{AC2A8D11-7010-426A-95C1-C446F4032691}.Release|Any CPU.ActiveCfg = Release|Any CPU
		{AC2A8D11-7010-426A-95C1-C446F4032691}.Release|Any CPU.Build.0 = Release|Any CPU
		{12CFAD0E-D15D-4E0A-BBEA-A346F50C422D}.Debug|Any CPU.ActiveCfg = Debug|Any CPU
		{12CFAD0E-D15D-4E0A-BBEA-A346F50C422D}.Debug|Any CPU.Build.0 = Debug|Any CPU
		{12CFAD0E-D15D-4E0A-BBEA-A346F50C422D}.Release|Any CPU.ActiveCfg = Release|Any CPU
		{12CFAD0E-D15D-4E0A-BBEA-A346F50C422D}.Release|Any CPU.Build.0 = Release|Any CPU
		{C06D8F02-430C-4CAA-98BF-77B303AC520C}.Debug|Any CPU.ActiveCfg = Debug|Any CPU
		{C06D8F02-430C-4CAA-98BF-77B303AC520C}.Debug|Any CPU.Build.0 = Debug|Any CPU
		{C06D8F02-430C-4CAA-98BF-77B303AC520C}.Release|Any CPU.ActiveCfg = Release|Any CPU
		{C06D8F02-430C-4CAA-98BF-77B303AC520C}.Release|Any CPU.Build.0 = Release|Any CPU
		{70FC543D-468B-4ED5-B6FD-915B91A3E861}.Debug|Any CPU.ActiveCfg = Debug|Any CPU
		{70FC543D-468B-4ED5-B6FD-915B91A3E861}.Debug|Any CPU.Build.0 = Debug|Any CPU
		{70FC543D-468B-4ED5-B6FD-915B91A3E861}.Release|Any CPU.ActiveCfg = Release|Any CPU
		{70FC543D-468B-4ED5-B6FD-915B91A3E861}.Release|Any CPU.Build.0 = Release|Any CPU
		{D113E58B-8F61-4956-8795-B79508D1B477}.Debug|Any CPU.ActiveCfg = Debug|Any CPU
		{D113E58B-8F61-4956-8795-B79508D1B477}.Debug|Any CPU.Build.0 = Debug|Any CPU
		{D113E58B-8F61-4956-8795-B79508D1B477}.Release|Any CPU.ActiveCfg = Release|Any CPU
		{D113E58B-8F61-4956-8795-B79508D1B477}.Release|Any CPU.Build.0 = Release|Any CPU
	EndGlobalSection
	GlobalSection(SolutionProperties) = preSolution
		HideSolutionNode = FALSE
	EndGlobalSection
	GlobalSection(NestedProjects) = preSolution
		{3ACAE8B3-AF1A-4AE9-8A21-E2BB545ECF97} = {2AABDC0F-3214-4C90-8F0A-1AEA2469E395}
		{11D71987-F315-443F-8CCB-DF4AEF71017C} = {560D13CB-9462-4899-B1B9-E45444468742}
		{09DB6118-698A-4039-B99D-22ACBEE0E75B} = {ADC349B9-3658-43CE-9820-46C2E9937E32}
		{BE8E8E09-11E0-4D40-89FE-88CE99AC776E} = {ADC349B9-3658-43CE-9820-46C2E9937E32}
		{36824F8D-F9FB-44D5-ABC9-168E26075960} = {ADC349B9-3658-43CE-9820-46C2E9937E32}
		{AC2A8D11-7010-426A-95C1-C446F4032691} = {31D36364-9F52-4B85-A0E3-81A364CA652E}
		{31D36364-9F52-4B85-A0E3-81A364CA652E} = {0C3A41CD-1867-4300-82AC-4691571517CE}
		{560D13CB-9462-4899-B1B9-E45444468742} = {0C3A41CD-1867-4300-82AC-4691571517CE}
		{12CFAD0E-D15D-4E0A-BBEA-A346F50C422D} = {31D36364-9F52-4B85-A0E3-81A364CA652E}
		{C06D8F02-430C-4CAA-98BF-77B303AC520C} = {31D36364-9F52-4B85-A0E3-81A364CA652E}
		{70FC543D-468B-4ED5-B6FD-915B91A3E861} = {31D36364-9F52-4B85-A0E3-81A364CA652E}
		{D113E58B-8F61-4956-8795-B79508D1B477} = {31D36364-9F52-4B85-A0E3-81A364CA652E}
	EndGlobalSection
EndGlobal
